
Microsoft Visual Studio Solution File, Format Version 12.00
# Visual Studio Version 16
VisualStudioVersion = 16.0.30021.99
MinimumVisualStudioVersion = 10.0.40219.1
Project("{9A19103F-16F7-4668-BE54-9A1E7A4F7556}") = "BlazorMovie", "BlazorMovie\BlazorMovie.csproj", "{7E6951D8-4F33-4506-A9CC-878A0BAA0CE7}"
EndProject
Project("{9A19103F-16F7-4668-BE54-9A1E7A4F7556}") = "BlazorMovie.Shared", "BlazorMovie.Shared\BlazorMovie.Shared.csproj", "{3D304219-90D9-45CA-B5E5-0FB0D0AF4FCC}"
EndProject
Global
	GlobalSection(SolutionConfigurationPlatforms) = preSolution
		Debug|Any CPU = Debug|Any CPU
		Release|Any CPU = Release|Any CPU
	EndGlobalSection
	GlobalSection(ProjectConfigurationPlatforms) = postSolution
		{7E6951D8-4F33-4506-A9CC-878A0BAA0CE7}.Debug|Any CPU.ActiveCfg = Debug|Any CPU
		{7E6951D8-4F33-4506-A9CC-878A0BAA0CE7}.Debug|Any CPU.Build.0 = Debug|Any CPU
		{7E6951D8-4F33-4506-A9CC-878A0BAA0CE7}.Release|Any CPU.ActiveCfg = Release|Any CPU
		{7E6951D8-4F33-4506-A9CC-878A0BAA0CE7}.Release|Any CPU.Build.0 = Release|Any CPU
		{3D304219-90D9-45CA-B5E5-0FB0D0AF4FCC}.Debug|Any CPU.ActiveCfg = Debug|Any CPU
		{3D304219-90D9-45CA-B5E5-0FB0D0AF4FCC}.Debug|Any CPU.Build.0 = Debug|Any CPU
		{3D304219-90D9-45CA-B5E5-0FB0D0AF4FCC}.Release|Any CPU.ActiveCfg = Release|Any CPU
		{3D304219-90D9-45CA-B5E5-0FB0D0AF4FCC}.Release|Any CPU.Build.0 = Release|Any CPU
	EndGlobalSection
	GlobalSection(SolutionProperties) = preSolution
		HideSolutionNode = FALSE
	EndGlobalSection
	GlobalSection(ExtensibilityGlobals) = postSolution
		SolutionGuid = {ECC88082-BC42-4D37-9C16-AAA5615B5F20}
	EndGlobalSection
EndGlobal
